
Microsoft Visual Studio Solution File, Format Version 12.00
# Visual Studio 15
VisualStudioVersion = 15.0.28010.2041
MinimumVisualStudioVersion = 10.0.40219.1
Project("{FAE04EC0-301F-11D3-BF4B-00C04F79EFBC}") = "Q01", "Q01.csproj", "{788471A1-0F04-4FEF-9581-982A834E958D}"
EndProject
Project("{888888A0-9F3D-457C-B088-3A5042F75D52}") = "Q01Py", "..\Q01Py\Q01Py.pyproj", "{4263A877-387A-4385-948F-507225A9D15B}"
EndProject
Project("{FAE04EC0-301F-11D3-BF4B-00C04F79EFBC}") = "Q01Cs", "Q01Cs\Q01Cs.csproj", "{DEBE0CE5-7B22-4A95-870C-5E05ED447B16}"
EndProject
Global
	GlobalSection(SolutionConfigurationPlatforms) = preSolution
		Debug|Any CPU = Debug|Any CPU
		Release|Any CPU = Release|Any CPU
	EndGlobalSection
	GlobalSection(ProjectConfigurationPlatforms) = postSolution
		{788471A1-0F04-4FEF-9581-982A834E958D}.Debug|Any CPU.ActiveCfg = Debug|Any CPU
		{788471A1-0F04-4FEF-9581-982A834E958D}.Debug|Any CPU.Build.0 = Debug|Any CPU
		{788471A1-0F04-4FEF-9581-982A834E958D}.Release|Any CPU.ActiveCfg = Release|Any CPU
		{788471A1-0F04-4FEF-9581-982A834E958D}.Release|Any CPU.Build.0 = Release|Any CPU
		{4263A877-387A-4385-948F-507225A9D15B}.Debug|Any CPU.ActiveCfg = Debug|Any CPU
		{4263A877-387A-4385-948F-507225A9D15B}.Release|Any CPU.ActiveCfg = Release|Any CPU
		{DEBE0CE5-7B22-4A95-870C-5E05ED447B16}.Debug|Any CPU.ActiveCfg = Debug|Any CPU
		{DEBE0CE5-7B22-4A95-870C-5E05ED447B16}.Debug|Any CPU.Build.0 = Debug|Any CPU
		{DEBE0CE5-7B22-4A95-870C-5E05ED447B16}.Release|Any CPU.ActiveCfg = Release|Any CPU
		{DEBE0CE5-7B22-4A95-870C-5E05ED447B16}.Release|Any CPU.Build.0 = Release|Any CPU
	EndGlobalSection
	GlobalSection(SolutionProperties) = preSolution
		HideSolutionNode = FALSE
	EndGlobalSection
	GlobalSection(ExtensibilityGlobals) = postSolution
		SolutionGuid = {C5E8A248-CF07-4E99-8D0B-3CF40E00296D}
	EndGlobalSection
EndGlobal
