
Microsoft Visual Studio Solution File, Format Version 12.00
# Visual Studio 15
VisualStudioVersion = 15.0.28010.2026
MinimumVisualStudioVersion = 10.0.40219.1
Project("{888888A0-9F3D-457C-B088-3A5042F75D52}") = "Q02Py", "Q02Py\Q02Py.pyproj", "{BD4FB796-9307-4C53-9B71-9C0353115E39}"
EndProject
Global
	GlobalSection(SolutionConfigurationPlatforms) = preSolution
		Debug|Any CPU = Debug|Any CPU
		Release|Any CPU = Release|Any CPU
	EndGlobalSection
	GlobalSection(ProjectConfigurationPlatforms) = postSolution
		{BD4FB796-9307-4C53-9B71-9C0353115E39}.Debug|Any CPU.ActiveCfg = Debug|Any CPU
		{BD4FB796-9307-4C53-9B71-9C0353115E39}.Release|Any CPU.ActiveCfg = Release|Any CPU
	EndGlobalSection
	GlobalSection(SolutionProperties) = preSolution
		HideSolutionNode = FALSE
	EndGlobalSection
	GlobalSection(ExtensibilityGlobals) = postSolution
		SolutionGuid = {19FD89F3-667B-42B5-8DD5-C8A157B28642}
	EndGlobalSection
EndGlobal
